
Microsoft Visual Studio Solution File, Format Version 12.00
# Visual Studio Version 17
VisualStudioVersion = 17.4.33213.308
MinimumVisualStudioVersion = 10.0.40219.1
Project("{9A19103F-16F7-4668-BE54-9A1E7A4F7556}") = "DisasterDispatch.API", "DisasterDispatch.API\DisasterDispatch.API.csproj", "{76E6CDF3-092C-4594-A67E-85411F7400DA}"
EndProject
Project("{FAE04EC0-301F-11D3-BF4B-00C04F79EFBC}") = "DisasterDispatch.Core", "DisasterDispatch.Core\DisasterDispatch.Core.csproj", "{B96F317B-7B19-462D-8B7F-7CBDEF583ECF}"
EndProject
Project("{FAE04EC0-301F-11D3-BF4B-00C04F79EFBC}") = "DisasterDispatch.Repository", "DisasterDispatch.Repository\DisasterDispatch.Repository.csproj", "{496D12D7-54D1-4647-BF54-393E08E352DB}"
EndProject
Project("{FAE04EC0-301F-11D3-BF4B-00C04F79EFBC}") = "DisasterDispatch.Service", "DisasterDispatch.Service\DisasterDispatch.Service.csproj", "{662F7D8D-BFB8-42D7-9E31-DC49E4F03343}"
EndProject
Project("{FAE04EC0-301F-11D3-BF4B-00C04F79EFBC}") = "DisasterDispatch.Web", "DisasterDispatch.Web\DisasterDispatch.Web.csproj", "{A45F6A1A-75A1-4AFC-A08E-962C17CBF1E1}"
EndProject
Global
	GlobalSection(SolutionConfigurationPlatforms) = preSolution
		Debug|Any CPU = Debug|Any CPU
		Release|Any CPU = Release|Any CPU
	EndGlobalSection
	GlobalSection(ProjectConfigurationPlatforms) = postSolution
		{76E6CDF3-092C-4594-A67E-85411F7400DA}.Debug|Any CPU.ActiveCfg = Debug|Any CPU
		{76E6CDF3-092C-4594-A67E-85411F7400DA}.Debug|Any CPU.Build.0 = Debug|Any CPU
		{76E6CDF3-092C-4594-A67E-85411F7400DA}.Release|Any CPU.ActiveCfg = Release|Any CPU
		{76E6CDF3-092C-4594-A67E-85411F7400DA}.Release|Any CPU.Build.0 = Release|Any CPU
		{B96F317B-7B19-462D-8B7F-7CBDEF583ECF}.Debug|Any CPU.ActiveCfg = Debug|Any CPU
		{B96F317B-7B19-462D-8B7F-7CBDEF583ECF}.Debug|Any CPU.Build.0 = Debug|Any CPU
		{B96F317B-7B19-462D-8B7F-7CBDEF583ECF}.Release|Any CPU.ActiveCfg = Release|Any CPU
		{B96F317B-7B19-462D-8B7F-7CBDEF583ECF}.Release|Any CPU.Build.0 = Release|Any CPU
		{496D12D7-54D1-4647-BF54-393E08E352DB}.Debug|Any CPU.ActiveCfg = Debug|Any CPU
		{496D12D7-54D1-4647-BF54-393E08E352DB}.Debug|Any CPU.Build.0 = Debug|Any CPU
		{496D12D7-54D1-4647-BF54-393E08E352DB}.Release|Any CPU.ActiveCfg = Release|Any CPU
		{496D12D7-54D1-4647-BF54-393E08E352DB}.Release|Any CPU.Build.0 = Release|Any CPU
		{662F7D8D-BFB8-42D7-9E31-DC49E4F03343}.Debug|Any CPU.ActiveCfg = Debug|Any CPU
		{662F7D8D-BFB8-42D7-9E31-DC49E4F03343}.Debug|Any CPU.Build.0 = Debug|Any CPU
		{662F7D8D-BFB8-42D7-9E31-DC49E4F03343}.Release|Any CPU.ActiveCfg = Release|Any CPU
		{662F7D8D-BFB8-42D7-9E31-DC49E4F03343}.Release|Any CPU.Build.0 = Release|Any CPU
		{A45F6A1A-75A1-4AFC-A08E-962C17CBF1E1}.Debug|Any CPU.ActiveCfg = Debug|Any CPU
		{A45F6A1A-75A1-4AFC-A08E-962C17CBF1E1}.Debug|Any CPU.Build.0 = Debug|Any CPU
		{A45F6A1A-75A1-4AFC-A08E-962C17CBF1E1}.Release|Any CPU.ActiveCfg = Release|Any CPU
		{A45F6A1A-75A1-4AFC-A08E-962C17CBF1E1}.Release|Any CPU.Build.0 = Release|Any CPU
	EndGlobalSection
	GlobalSection(SolutionProperties) = preSolution
		HideSolutionNode = FALSE
	EndGlobalSection
	GlobalSection(ExtensibilityGlobals) = postSolution
		SolutionGuid = {22D81261-39A3-482C-A334-3813B21531CA}
	EndGlobalSection
EndGlobal
